[[package]]
name = "astropy"
version = "6.1.0"
description = "Astronomy and astrophysics core library"
category = "main"
optional = false
python-versions = ">=3.10"

[package.dependencies]
astropy-iers-data = ">=0.2024.4.29.0.28.48"
numpy = ">=1.23"
packaging = ">=19.0"
pyerfa = ">=2.0.1.1"
PyYAML = ">=3.13"

[package.extras]
all = ["astropy", "astropy", "certifi", "dask", "h5py", "pyarrow (>=5.0.0)", "beautifulsoup4", "html5lib", "bleach", "pandas", "sortedcontainers", "pytz", "jplephem", "mpmath", "asdf-astropy (>=0.3)", "bottleneck", "ipython (>=4.2)", "pytest (>=7.0)", "fsspec[http] (>=2023.4.0)", "s3fs (>=2023.4.0)", "pre-commit"]
docs = ["astropy", "sphinx", "sphinx-astropy[confv2] (>=1.9.1)", "pytest (>=7.0)", "sphinx-changelog (>=1.2.0)", "sphinx-design", "Jinja2 (>=3.1.3)", "sphinxcontrib-globalsubs (>=0.1.1)", "tomli"]
recommended = ["scipy (>=1.8)", "matplotlib (>=3.3,!=3.4.0,!=3.5.2)"]
test = ["pytest (>=7.0)", "pytest-doctestplus (>=0.12)", "pytest-astropy-header (>=0.2.1)", "pytest-astropy (>=0.10)", "pytest-xdist", "threadpoolctl"]
test-all = ["astropy", "objgraph", "ipython (>=4.2)", "coverage", "skyfield (>=1.20)", "sgp4 (>=2.3)", "array-api-strict"]
typing = ["typing-extensions (>=4.0.0)"]

[[package]]
name = "astropy-iers-data"
version = "0.2024.5.27.0.30.8"
description = "IERS Earth Rotation and Leap Second tables for the astropy core package"
category = "main"
optional = false
python-versions = ">=3.8"

[package.extras]
docs = ["pytest"]
test = ["pytest", "pytest-remotedata", "hypothesis"]

[[package]]
name = "atomicwrites"
version = "1.4.1"
description = "Atomic file writes."
category = "dev"
optional = false
python-versions = ">=2.7, !=3.0.*, !=3.1.*, !=3.2.*, !=3.3.*"

[[package]]
name = "attrs"
version = "23.2.0"
description = "Classes Without Boilerplate"
category = "dev"
optional = false
python-versions = ">=3.7"

[package.extras]
cov = ["attrs", "coverage[toml] (>=5.3)"]
dev = ["attrs", "pre-commit"]
docs = ["furo", "myst-parser", "sphinx", "sphinx-notfound-page", "sphinxcontrib-towncrier", "towncrier", "zope-interface"]
tests = ["attrs", "zope-interface"]
tests-mypy = ["mypy (>=1.6)", "pytest-mypy-plugins"]
tests-no-zope = ["attrs", "cloudpickle", "hypothesis", "pympler", "pytest-xdist", "pytest (>=4.3.0)"]

[[package]]
name = "camb"
version = "1.5.4"
description = "Code for Anisotropies in the Microwave Background"
category = "main"
optional = false
python-versions = ">=3.6.0"

[package.dependencies]
packaging = "*"
scipy = ">=1.0"
sympy = ">=1.0"

[package.extras]
docs = ["sphinx (>=4.0)", "sphinx_rtd_theme (>=1.0)", "sphinxcontrib-jquery"]

[[package]]
name = "colorama"
version = "0.4.6"
description = "Cross-platform colored terminal text."
category = "main"
optional = false
python-versions = "!=3.0.*,!=3.1.*,!=3.2.*,!=3.3.*,!=3.4.*,!=3.5.*,!=3.6.*,>=2.7"

[[package]]
name = "contourpy"
version = "1.2.1"
description = "Python library for calculating contours of 2D quadrilateral grids"
category = "main"
optional = false
python-versions = ">=3.9"

[package.dependencies]
numpy = ">=1.20"

[package.extras]
docs = ["furo", "sphinx (>=7.2)", "sphinx-copybutton"]
bokeh = ["bokeh", "selenium"]
mypy = ["contourpy", "docutils-stubs", "mypy (==1.8.0)", "types-pillow"]
test = ["contourpy", "matplotlib", "pillow"]
test-no-images = ["pytest", "pytest-cov", "pytest-xdist", "wurlitzer"]

[[package]]
name = "cycler"
version = "0.12.1"
description = "Composable style cycles"
category = "main"
optional = false
python-versions = ">=3.8"

[package.extras]
docs = ["ipython", "matplotlib", "numpydoc", "sphinx"]
tests = ["pytest", "pytest-cov", "pytest-xdist"]

[[package]]
name = "fonttools"
version = "4.52.4"
description = "Tools to manipulate font files"
category = "main"
optional = false
python-versions = ">=3.8"

[package.extras]
all = ["fs (>=2.2.0,<3)", "lxml (>=4.0)", "zopfli (>=0.1.4)", "lz4 (>=1.7.4.2)", "pycairo", "matplotlib", "sympy", "skia-pathops (>=0.5.0)", "uharfbuzz (>=0.23.0)", "brotlicffi (>=0.8.0)", "scipy", "brotli (>=1.0.1)", "munkres", "unicodedata2 (>=15.1.0)", "xattr"]
graphite = ["lz4 (>=1.7.4.2)"]
interpolatable = ["pycairo", "scipy", "munkres"]
lxml = ["lxml (>=4.0)"]
pathops = ["skia-pathops (>=0.5.0)"]
plot = ["matplotlib"]
repacker = ["uharfbuzz (>=0.23.0)"]
symfont = ["sympy"]
type1 = ["xattr"]
ufo = ["fs (>=2.2.0,<3)"]
unicode = ["unicodedata2 (>=15.1.0)"]
woff = ["zopfli (>=0.1.4)", "brotlicffi (>=0.8.0)", "brotli (>=1.0.1)"]

[[package]]
name = "getdist"
version = "1.4.8"
description = "GetDist Monte Carlo sample analysis, plotting and GUI"
category = "main"
optional = false
python-versions = ">=3.7.0"

[package.dependencies]
matplotlib = ">=2.2.0,<3.5.0 || >3.5.0"
numpy = ">=1.17.0"
packaging = "*"
PyYAML = ">=5.1"
scipy = ">=1.5"

[package.extras]
gui = ["PySide6 (>=6.1)"]
docs = ["sphinx", "sphinx_rtd_theme (>=1.0)", "sphinxcontrib-jquery"]

[[package]]
name = "joblib"
version = "1.4.2"
description = "Lightweight pipelining with Python functions"
category = "main"
optional = false
python-versions = ">=3.8"

[[package]]
name = "kiwisolver"
version = "1.4.5"
description = "A fast implementation of the Cassowary constraint solver"
category = "main"
optional = false
python-versions = ">=3.7"

[[package]]
name = "llvmlite"
version = "0.42.0"
description = "lightweight wrapper around basic LLVM functionality"
category = "main"
optional = false
python-versions = ">=3.9"

[[package]]
name = "matplotlib"
version = "3.9.0"
description = "Python plotting package"
category = "main"
optional = false
python-versions = ">=3.9"

[package.dependencies]
contourpy = ">=1.0.1"
cycler = ">=0.10"
fonttools = ">=4.22.0"
kiwisolver = ">=1.3.1"
numpy = ">=1.23"
packaging = ">=20.0"
pillow = ">=8"
pyparsing = ">=2.3.1"
python-dateutil = ">=2.7"

[package.extras]
dev = ["meson-python (>=0.13.1)", "numpy (>=1.25)", "pybind11 (>=2.6)", "setuptools_scm (>=7)", "setuptools (>=64)"]

[[package]]
name = "more-itertools"
version = "10.2.0"
description = "More routines for operating on iterables, beyond itertools"
category = "dev"
optional = false
python-versions = ">=3.8"

[[package]]
name = "mpmath"
version = "1.3.0"
description = "Python library for arbitrary-precision floating-point arithmetic"
category = "main"
optional = false
python-versions = "*"

[package.extras]
develop = ["pytest (>=4.6)", "pycodestyle", "pytest-cov", "codecov", "wheel"]
docs = ["sphinx"]
gmpy = ["gmpy2 (>=2.1.0a4)"]
tests = ["pytest (>=4.6)"]

[[package]]
name = "numba"
version = "0.59.1"
description = "compiling Python code using LLVM"
category = "main"
optional = false
python-versions = ">=3.9"

[package.dependencies]
llvmlite = ">=0.42.0dev0,<0.43"
numpy = ">=1.22,<1.27"

[[package]]
name = "numpy"
version = "1.26.4"
description = "Fundamental package for array computing in Python"
category = "main"
optional = false
python-versions = ">=3.9"

[[package]]
name = "packaging"
version = "24.0"
description = "Core utilities for Python packages"
category = "main"
optional = false
python-versions = ">=3.7"

[[package]]
name = "pandas"
version = "2.2.2"
description = "Powerful data structures for data analysis, time series, and statistics"
category = "main"
optional = false
python-versions = ">=3.9"

[package.dependencies]
numpy = [
    {version = ">=1.22.4", markers = "python_version < \"3.11\""},
    {version = ">=1.23.2", markers = "python_version == \"3.11\""},
    {version = ">=1.26.0", markers = "python_version >= \"3.12\""},
]
python-dateutil = ">=2.8.2"
pytz = ">=2020.1"
tzdata = ">=2022.7"

[package.extras]
test = ["hypothesis (>=6.46.1)", "pytest (>=7.3.2)", "pytest-xdist (>=2.2.0)"]
pyarrow = ["pyarrow (>=10.0.1)"]
performance = ["bottleneck (>=1.3.6)", "numba (>=0.56.4)", "numexpr (>=2.8.4)"]
computation = ["scipy (>=1.10.0)", "xarray (>=2022.12.0)"]
fss = ["fsspec (>=2022.11.0)"]
aws = ["s3fs (>=2022.11.0)"]
gcp = ["gcsfs (>=2022.11.0)", "pandas-gbq (>=0.19.0)"]
excel = ["odfpy (>=1.4.1)", "openpyxl (>=3.1.0)", "python-calamine (>=0.1.7)", "pyxlsb (>=1.0.10)", "xlrd (>=2.0.1)", "xlsxwriter (>=3.0.5)"]
parquet = ["pyarrow (>=10.0.1)"]
feather = ["pyarrow (>=10.0.1)"]
hdf5 = ["tables (>=3.8.0)"]
spss = ["pyreadstat (>=1.2.0)"]
postgresql = ["SQLAlchemy (>=2.0.0)", "psycopg2 (>=2.9.6)", "adbc-driver-postgresql (>=0.8.0)"]
mysql = ["SQLAlchemy (>=2.0.0)", "pymysql (>=1.0.2)"]
sql-other = ["SQLAlchemy (>=2.0.0)", "adbc-driver-postgresql (>=0.8.0)", "adbc-driver-sqlite (>=0.8.0)"]
html = ["beautifulsoup4 (>=4.11.2)", "html5lib (>=1.1)", "lxml (>=4.9.2)"]
xml = ["lxml (>=4.9.2)"]
plot = ["matplotlib (>=3.6.3)"]
output-formatting = ["jinja2 (>=3.1.2)", "tabulate (>=0.9.0)"]
clipboard = ["PyQt5 (>=5.15.9)", "qtpy (>=2.3.0)"]
compression = ["zstandard (>=0.19.0)"]
consortium-standard = ["dataframe-api-compat (>=0.1.7)"]
all = ["adbc-driver-postgresql (>=0.8.0)", "adbc-driver-sqlite (>=0.8.0)", "beautifulsoup4 (>=4.11.2)", "bottleneck (>=1.3.6)", "dataframe-api-compat (>=0.1.7)", "fastparquet (>=2022.12.0)", "fsspec (>=2022.11.0)", "gcsfs (>=2022.11.0)", "html5lib (>=1.1)", "hypothesis (>=6.46.1)", "jinja2 (>=3.1.2)", "lxml (>=4.9.2)", "matplotlib (>=3.6.3)", "numba (>=0.56.4)", "numexpr (>=2.8.4)", "odfpy (>=1.4.1)", "openpyxl (>=3.1.0)", "pandas-gbq (>=0.19.0)", "psycopg2 (>=2.9.6)", "pyarrow (>=10.0.1)", "pymysql (>=1.0.2)", "PyQt5 (>=5.15.9)", "pyreadstat (>=1.2.0)", "pytest (>=7.3.2)", "pytest-xdist (>=2.2.0)", "python-calamine (>=0.1.7)", "pyxlsb (>=1.0.10)", "qtpy (>=2.3.0)", "scipy (>=1.10.0)", "s3fs (>=2022.11.0)", "SQLAlchemy (>=2.0.0)", "tables (>=3.8.0)", "tabulate (>=0.9.0)", "xarray (>=2022.12.0)", "xlrd (>=2.0.1)", "xlsxwriter (>=3.0.5)", "zstandard (>=0.19.0)"]

[[package]]
name = "pillow"
version = "10.3.0"
description = "Python Imaging Library (Fork)"
category = "main"
optional = false
python-versions = ">=3.8"

[package.extras]
docs = ["furo", "olefile", "sphinx (>=2.4)", "sphinx-copybutton", "sphinx-inline-tabs", "sphinx-removed-in", "sphinxext-opengraph"]
fpx = ["olefile"]
mic = ["olefile"]
tests = ["check-manifest", "coverage", "defusedxml", "markdown2", "olefile", "packaging", "pyroma", "pytest", "pytest-cov", "pytest-timeout"]
typing = ["typing-extensions"]
xmp = ["defusedxml"]

[[package]]
name = "pluggy"
version = "0.13.1"
description = "plugin and hook calling mechanisms for python"
category = "dev"
optional = false
python-versions = ">=2.7, !=3.0.*, !=3.1.*, !=3.2.*, !=3.3.*"

[package.extras]
dev = ["pre-commit", "tox"]

[[package]]
name = "py"
version = "1.11.0"
description = "library with cross-python path, ini-parsing, io, code, log facilities"
category = "dev"
optional = false
python-versions = ">=2.7, !=3.0.*, !=3.1.*, !=3.2.*, !=3.3.*, !=3.4.*"

[[package]]
name = "pyccl"
version = "3.0.1.dev113+g8a74563e"
description = "Library of validated cosmological functions."
category = "main"
optional = false
python-versions = ">=3.8"
develop = false

[package.dependencies]
numpy = "*"

[package.source]
type = "git"
url = "https://github.com/davidesciotti/CCL.git"
reference = "master"
resolved_reference = "8a74563e1fe80b5154bfaa5a6bcf914467960c52"

[[package]]
name = "pyerfa"
version = "2.0.1.4"
description = "Python bindings for ERFA"
category = "main"
optional = false
python-versions = ">=3.9"

[package.dependencies]
numpy = ">=1.19"

[package.extras]
docs = ["sphinx-astropy (>=1.3)"]
test = ["pytest", "pytest-doctestplus (>=0.7)"]

[[package]]
name = "pyparsing"
version = "3.1.2"
description = "pyparsing module - Classes and methods to define and execute parsing grammars"
category = "main"
optional = false
python-versions = ">=3.6.8"

[package.extras]
diagrams = ["railroad-diagrams", "jinja2"]

[[package]]
name = "pytest"
version = "5.4.3"
description = "pytest: simple powerful testing with Python"
category = "dev"
optional = false
python-versions = ">=3.5"

[package.dependencies]
atomicwrites = {version = ">=1.0", markers = "sys_platform == \"win32\""}
attrs = ">=17.4.0"
colorama = {version = "*", markers = "sys_platform == \"win32\""}
more-itertools = ">=4.0.0"
packaging = "*"
pluggy = ">=0.12,<1.0"
py = ">=1.5.0"
wcwidth = "*"

[package.extras]
checkqa-mypy = ["mypy (==v0.761)"]
testing = ["argcomplete", "hypothesis (>=3.56)", "mock", "nose", "requests", "xmlschema"]

[[package]]
name = "python-dateutil"
version = "2.9.0.post0"
description = "Extensions to the standard Python datetime module"
category = "main"
optional = false
python-versions = "!=3.0.*,!=3.1.*,!=3.2.*,>=2.7"

[package.dependencies]
six = ">=1.5"

[[package]]
name = "pytz"
version = "2024.1"
description = "World timezone definitions, modern and historical"
category = "main"
optional = false
python-versions = "*"

[[package]]
name = "pyyaml"
version = "6.0.1"
description = "YAML parser and emitter for Python"
category = "main"
optional = false
python-versions = ">=3.6"

[[package]]
name = "scipy"
version = "1.13.1"
description = "Fundamental algorithms for scientific computing in Python"
category = "main"
optional = false
python-versions = ">=3.9"

[package.dependencies]
numpy = ">=1.22.4,<2.3"

[package.extras]
test = ["pytest", "pytest-cov", "pytest-timeout", "pytest-xdist", "asv", "mpmath", "gmpy2", "threadpoolctl", "scikit-umfpack", "pooch", "hypothesis (>=6.30)", "array-api-strict"]
doc = ["sphinx (>=5.0.0)", "pydata-sphinx-theme (>=0.15.2)", "sphinx-design (>=0.4.0)", "matplotlib (>=3.5)", "numpydoc", "jupytext", "myst-nb", "pooch", "jupyterlite-sphinx (>=0.12.0)", "jupyterlite-pyodide-kernel"]
dev = ["mypy", "typing-extensions", "types-psutil", "pycodestyle", "ruff", "cython-lint (>=0.12.2)", "rich-click", "doit (>=0.36.0)", "pydevtool"]

[[package]]
name = "six"
version = "1.16.0"
description = "Python 2 and 3 compatibility utilities"
category = "main"
optional = false
python-versions = ">=2.7, !=3.0.*, !=3.1.*, !=3.2.*"

[[package]]
name = "sympy"
version = "1.12.1"
description = "Computer algebra system (CAS) in Python"
category = "main"
optional = false
python-versions = ">=3.8"

[package.dependencies]
mpmath = ">=1.1.0,<1.4.0"

[[package]]
name = "tqdm"
version = "4.66.4"
description = "Fast, Extensible Progress Meter"
category = "main"
optional = false
python-versions = ">=3.7"

[package.dependencies]
colorama = {version = "*", markers = "platform_system == \"Windows\""}

[package.extras]
dev = ["pytest (>=6)", "pytest-cov", "pytest-timeout", "pytest-xdist"]
notebook = ["ipywidgets (>=6)"]
slack = ["slack-sdk"]
telegram = ["requests"]

[[package]]
name = "tzdata"
version = "2024.1"
description = "Provider of IANA time zone data"
category = "main"
optional = false
python-versions = ">=2"

[[package]]
name = "wcwidth"
version = "0.2.13"
description = "Measures the displayed width of unicode strings in a terminal"
category = "dev"
optional = false
python-versions = "*"

[metadata]
lock-version = "1.1"
python-versions = "^3.10"
content-hash = "57782e8a18be239a0edf120f88106737a5d5cb4c901d39c5ad04fe19a489356c"

[metadata.files]
astropy = []
astropy-iers-data = []
atomicwrites = []
attrs = []
camb = []
colorama = []
contourpy = []
cycler = []
fonttools = []
getdist = []
joblib = []
kiwisolver = []
llvmlite = []
matplotlib = []
more-itertools = []
mpmath = []
numba = []
numpy = []
packaging = []
pandas = []
pillow = []
pluggy = []
py = []
pyccl = []
pyerfa = []
pyparsing = []
pytest = []
python-dateutil = []
pytz = []
pyyaml = []
scipy = []
six = []
sympy = []
tqdm = []
tzdata = []
wcwidth = []
